
Microsoft Visual Studio Solution File, Format Version 12.00
# Visual Studio Version 17
VisualStudioVersion = 17.7.34202.233
MinimumVisualStudioVersion = 10.0.40219.1
Project("{FAE04EC0-301F-11D3-BF4B-00C04F79EFBC}") = "Exemplo03_toString", "Exemplo03_toString\Exemplo03_toString.csproj", "{6091CD81-CE5A-4DCC-BC24-67B8CC2496C3}"
EndProject
Global
	GlobalSection(SolutionConfigurationPlatforms) = preSolution
		Debug|Any CPU = Debug|Any CPU
		Release|Any CPU = Release|Any CPU
	EndGlobalSection
	GlobalSection(ProjectConfigurationPlatforms) = postSolution
		{6091CD81-CE5A-4DCC-BC24-67B8CC2496C3}.Debug|Any CPU.ActiveCfg = Debug|Any CPU
		{6091CD81-CE5A-4DCC-BC24-67B8CC2496C3}.Debug|Any CPU.Build.0 = Debug|Any CPU
		{6091CD81-CE5A-4DCC-BC24-67B8CC2496C3}.Release|Any CPU.ActiveCfg = Release|Any CPU
		{6091CD81-CE5A-4DCC-BC24-67B8CC2496C3}.Release|Any CPU.Build.0 = Release|Any CPU
	EndGlobalSection
	GlobalSection(SolutionProperties) = preSolution
		HideSolutionNode = FALSE
	EndGlobalSection
	GlobalSection(ExtensibilityGlobals) = postSolution
		SolutionGuid = {54B3DF0B-C9EA-4C4D-8608-EC50A6FB8B39}
	EndGlobalSection
EndGlobal
